Microsoft Visual Studio Solution File, Format Version 12.00
# Visual Studio Version 17
VisualStudioVersion = 17.5.2.0
MinimumVisualStudioVersion = 10.0.40219.1
Project("{FAE04EC0-301F-11D3-BF4B-00C04F79EFBC}") = "FizzBuzzApi", "FizzBuzzApi.csproj", "{899E288C-0EC1-2575-7C5F-75B5F68A41A5}"
EndProject
Global
	GlobalSection(SolutionConfigurationPlatforms) = preSolution
		Debug|Any CPU = Debug|Any CPU
		Release|Any CPU = Release|Any CPU
	EndGlobalSection
	GlobalSection(ProjectConfigurationPlatforms) = postSolution
		{899E288C-0EC1-2575-7C5F-75B5F68A41A5}.Debug|Any CPU.ActiveCfg = Debug|Any CPU
		{899E288C-0EC1-2575-7C5F-75B5F68A41A5}.Debug|Any CPU.Build.0 = Debug|Any CPU
		{899E288C-0EC1-2575-7C5F-75B5F68A41A5}.Release|Any CPU.ActiveCfg = Release|Any CPU
		{899E288C-0EC1-2575-7C5F-75B5F68A41A5}.Release|Any CPU.Build.0 = Release|Any CPU
	EndGlobalSection
	GlobalSection(SolutionProperties) = preSolution
		HideSolutionNode = FALSE
	EndGlobalSection
	GlobalSection(ExtensibilityGlobals) = postSolution
		SolutionGuid = {2264D663-2782-4EA3-AD00-7CEE4492F276}
	EndGlobalSection
EndGlobal
